
Microsoft Visual Studio Solution File, Format Version 12.00
# Visual Studio Version 17
VisualStudioVersion = 17.11.35222.181
MinimumVisualStudioVersion = 10.0.40219.1
Project("{FAE04EC0-301F-11D3-BF4B-00C04F79EFBC}") = "IdealWeightCalculator", "IdealWeightCalculator\IdealWeightCalculator.csproj", "{15DA5E3B-C8D1-4D4C-A7D8-8A8A18808B0B}"
EndProject
Project("{FAE04EC0-301F-11D3-BF4B-00C04F79EFBC}") = "IdealWeightCalcultorTest", "IdealWeightCalcultorTest\IdealWeightCalcultorTest.csproj", "{EAD8B011-8107-4E00-8496-FB42208D1EDC}"
EndProject
Global
	GlobalSection(SolutionConfigurationPlatforms) = preSolution
		Debug|Any CPU = Debug|Any CPU
		Release|Any CPU = Release|Any CPU
	EndGlobalSection
	GlobalSection(ProjectConfigurationPlatforms) = postSolution
		{15DA5E3B-C8D1-4D4C-A7D8-8A8A18808B0B}.Debug|Any CPU.ActiveCfg = Debug|Any CPU
		{15DA5E3B-C8D1-4D4C-A7D8-8A8A18808B0B}.Debug|Any CPU.Build.0 = Debug|Any CPU
		{15DA5E3B-C8D1-4D4C-A7D8-8A8A18808B0B}.Release|Any CPU.ActiveCfg = Release|Any CPU
		{15DA5E3B-C8D1-4D4C-A7D8-8A8A18808B0B}.Release|Any CPU.Build.0 = Release|Any CPU
		{EAD8B011-8107-4E00-8496-FB42208D1EDC}.Debug|Any CPU.ActiveCfg = Debug|Any CPU
		{EAD8B011-8107-4E00-8496-FB42208D1EDC}.Debug|Any CPU.Build.0 = Debug|Any CPU
		{EAD8B011-8107-4E00-8496-FB42208D1EDC}.Release|Any CPU.ActiveCfg = Release|Any CPU
		{EAD8B011-8107-4E00-8496-FB42208D1EDC}.Release|Any CPU.Build.0 = Release|Any CPU
	EndGlobalSection
	GlobalSection(SolutionProperties) = preSolution
		HideSolutionNode = FALSE
	EndGlobalSection
	GlobalSection(ExtensibilityGlobals) = postSolution
		SolutionGuid = {E6080FF1-3C8F-48EF-81AF-9F32096F8605}
	EndGlobalSection
EndGlobal
